
Microsoft Visual Studio Solution File, Format Version 12.00
# Visual Studio Version 17
VisualStudioVersion = 17.2.32616.157
MinimumVisualStudioVersion = 10.0.40219.1
Project("{FAE04EC0-301F-11D3-BF4B-00C04F79EFBC}") = "ABContacts", "ABContacts\ABContacts.csproj", "{09E7B4B7-FB0D-4B7B-86C7-87250D3AF4B6}"
EndProject
Global
	GlobalSection(SolutionConfigurationPlatforms) = preSolution
		Debug|Any CPU = Debug|Any CPU
		Release|Any CPU = Release|Any CPU
	EndGlobalSection
	GlobalSection(ProjectConfigurationPlatforms) = postSolution
		{09E7B4B7-FB0D-4B7B-86C7-87250D3AF4B6}.Debug|Any CPU.ActiveCfg = Debug|Any CPU
		{09E7B4B7-FB0D-4B7B-86C7-87250D3AF4B6}.Debug|Any CPU.Build.0 = Debug|Any CPU
		{09E7B4B7-FB0D-4B7B-86C7-87250D3AF4B6}.Release|Any CPU.ActiveCfg = Release|Any CPU
		{09E7B4B7-FB0D-4B7B-86C7-87250D3AF4B6}.Release|Any CPU.Build.0 = Release|Any CPU
	EndGlobalSection
	GlobalSection(SolutionProperties) = preSolution
		HideSolutionNode = FALSE
	EndGlobalSection
	GlobalSection(ExtensibilityGlobals) = postSolution
		SolutionGuid = {01DA91F7-D9A6-443E-890F-08BEE1C7651C}
	EndGlobalSection
EndGlobal
